# This file is autogenerated, do not edit; changes may be undone by the next 'dep ensure'.


[[projects]]
  name = "github.com/0xAX/notificator"
  packages = ["."]
  revision = "6bcea42e61381c13704c7fb6eb2438950f335832"

[[projects]]
  branch = "master"
  name = "github.com/Azure/go-ansiterm"
  packages = [".","winterm"]
  revision = "d6e3b3328b783f23731bc4d058875b0371ff8109"

[[projects]]
  name = "github.com/Microsoft/go-winio"
  packages = ["."]
  revision = "78439966b38d69bf38227fbf57ac8a6fee70f69a"
  version = "v0.4.5"

[[projects]]
  name = "github.com/Sirupsen/logrus"
  packages = ["."]
  revision = "f006c2ac4710855cf0f916dd6b77acf6b048dc6e"
  version = "v1.0.3"

[[projects]]
  name = "github.com/alexellis/faas"
  packages = ["gateway/handlers","gateway/metrics","gateway/plugin","gateway/queue","gateway/requests","gateway/types","watchdog/types"]
  revision = "0774a56ee3c8538ce2d79f1ffa94012ed01ffecf"
  version = "0.6.6"

[[projects]]
  name = "github.com/alexellis/faas-nats"
  packages = ["handler"]
  revision = "91069beed39827d5aff8e212c169f884945b2757"
  version = "0.1"

[[projects]]
  branch = "master"
  name = "github.com/beorn7/perks"
  packages = ["quantile"]
  revision = "4c0e84591b9aa9e6dcfdf3e020114cd81f89d5f9"

[[projects]]
  name = "github.com/docker/distribution"
  packages = [".","context","digest","reference","registry/api/errcode","registry/api/v2","registry/client","registry/client/auth","registry/client/auth/challenge","registry/client/transport","registry/storage/cache","registry/storage/cache/memory","uuid"]
  revision = "48294d928ced5dd9b378f7fd7c6f5da3ff3f2c89"
  version = "v2.6.2"

[[projects]]
  name = "github.com/docker/docker"
  packages = ["api/types","api/types/blkiodev","api/types/container","api/types/events","api/types/filters","api/types/mount","api/types/network","api/types/reference","api/types/registry","api/types/strslice","api/types/swarm","api/types/time","api/types/versions","api/types/volume","client","daemon/graphdriver","image","image/v1","layer","oci","opts","pkg/archive","pkg/chrootarchive","pkg/fileutils","pkg/httputils","pkg/idtools","pkg/ioutils","pkg/jsonlog","pkg/jsonmessage","pkg/longpath","pkg/mount","pkg/plugingetter","pkg/plugins","pkg/plugins/transport","pkg/pools","pkg/promise","pkg/random","pkg/reexec","pkg/stringid","pkg/system","pkg/tarsum","pkg/term","pkg/term/windows","pkg/tlsconfig","plugin/v2","reference","registry"]
  revision = "092cba3727bb9b4a2f0e922cd6c0f93ea270e363"
  version = "v1.13.1"

[[projects]]
  name = "github.com/docker/go-connections"
  packages = ["nat","sockets","tlsconfig"]
  revision = "3ede32e2033de7505e6500d6c868c2b9ed9f169d"
  version = "v0.3.0"

[[projects]]
  name = "github.com/docker/go-units"
  packages = ["."]
  revision = "0dadbb0345b35ec7ef35e228dabb8de89a65bf52"
  version = "v0.3.2"

[[projects]]
  name = "github.com/fatih/color"
  packages = ["."]
  revision = "67c513e5729f918f5e69786686770c27141a4490"

[[projects]]
  name = "github.com/gogo/protobuf"
  packages = ["gogoproto","proto","protoc-gen-gogo/descriptor"]
  revision = "342cbe0a04158f6dcb03ca0079991a51a4248c02"
  version = "v0.5"

[[projects]]
  branch = "master"
  name = "github.com/golang/protobuf"
  packages = ["proto"]
  revision = "130e6b02ab059e7b717a096f397c5b60111cae74"

[[projects]]
  name = "github.com/gorilla/context"
  packages = ["."]
  revision = "1ea25387ff6f684839d82767c1733ff4d4d15d0a"
  version = "v1.1"

[[projects]]
  name = "github.com/gorilla/mux"
  packages = ["."]
  revision = "24fca303ac6da784b9e8269f724ddeb0b2eea5e7"
  version = "v1.5.0"

[[projects]]
  branch = "master"
  name = "github.com/howeyc/fsnotify"
  packages = ["."]
  revision = "f0c08ee9c60704c1879025f2ae0ff3e000082c13"

[[projects]]
  name = "github.com/mattn/go-colorable"
  packages = ["."]
  revision = "6c0fd4aa6ec5818d5e3ea9e03ae436972a6c5a9a"

[[projects]]
  name = "github.com/mattn/go-isatty"
  packages = ["."]
  revision = "fc9e8d8ef48496124e79ae0df75490096eccf6fe"
  version = "v0.0.2"

[[projects]]
  name = "github.com/matttproud/golang_protobuf_extensions"
  packages = ["pbutil"]
  revision = "3247c84500bff8d9fb6d579d800f20b3e091582c"
  version = "v1.0.0"

[[projects]]
  branch = "master"
  name = "github.com/microcosm-cc/bluemonday"
  packages = ["."]
  revision = "68fecaef60268522d2ac3f0123cec9d3bcab7b6e"

[[projects]]
  name = "github.com/nats-io/go-nats"
  packages = [".","encoders/builtin","util"]
  revision = "29f9728a183bf3fa7e809e14edac00b33be72088"
  version = "v1.3.0"

[[projects]]
  name = "github.com/nats-io/go-nats-streaming"
  packages = [".","pb"]
  revision = "6e620057a207bd61e992c1c5b6a2de7b6a4cb010"
  version = "v0.3.4"

[[projects]]
  name = "github.com/nats-io/nuid"
  packages = ["."]
  revision = "289cccf02c178dc782430d534e3c1f5b72af807f"
  version = "v1.0.0"

[[projects]]
  name = "github.com/opencontainers/runc"
  packages = ["libcontainer/configs","libcontainer/devices","libcontainer/system","libcontainer/user"]
  revision = "baf6536d6259209c3edfa2b22237af82942d3dfa"
  version = "v0.1.1"

[[projects]]
  name = "github.com/opencontainers/runtime-spec"
  packages = ["specs-go"]
  revision = "02137cd4e50b37a01665e1731fcd4ac2d2178230"
  version = "v1.0.0"

[[projects]]
  name = "github.com/openfaas/faas"
  packages = ["gateway/handlers","gateway/metrics","gateway/queue","gateway/requests","gateway/types"]
  revision = "0774a56ee3c8538ce2d79f1ffa94012ed01ffecf"
  version = "0.6.6"

[[projects]]
  name = "github.com/pkg/errors"
  packages = ["."]
  revision = "645ef00459ed84a119197bfb8d8205042c6df63d"
  version = "v0.8.0"

[[projects]]
  name = "github.com/prometheus/client_golang"
  packages = ["prometheus"]
  revision = "c5b7fccd204277076155f10851dad72b76a49317"
  version = "v0.8.0"

[[projects]]
  branch = "master"
  name = "github.com/prometheus/client_model"
  packages = ["go"]
  revision = "6f3806018612930941127f2a7c6c453ba2c527d2"

[[projects]]
  branch = "master"
  name = "github.com/prometheus/common"
  packages = ["expfmt","internal/bitbucket.org/ww/goautoneg","model"]
  revision = "1bab55dd05dbff384524a6a1c99006d9eb5f139b"

[[projects]]
  branch = "master"
  name = "github.com/prometheus/procfs"
  packages = [".","xfs"]
  revision = "e645f4e5aaa8506fc71d6edbc5c4ff02c04c46f2"

[[projects]]
  name = "github.com/russross/blackfriday"
  packages = ["."]
  revision = "cadec560ec52d93835bf2f15bd794700d3a2473b"
  version = "v2.0.0"

[[projects]]
  branch = "master"
  name = "github.com/shurcooL/sanitized_anchor_name"
  packages = ["."]
  revision = "86672fcb3f950f35f2e675df2240550f2a50762f"

[[projects]]
  name = "github.com/spf13/pflag"
  packages = ["."]
  revision = "e57e3eeb33f795204c1ca35f56c44f83227c6e66"
  version = "v1.0.0"

[[projects]]
  name = "github.com/tj/go-spin"
  packages = ["."]
  revision = "30574f5fadef1aa5c61d4c42e936785af9f03ada"
  version = "v1.1.0"

[[projects]]
  name = "github.com/vbatts/tar-split"
  packages = ["archive/tar","tar/asm","tar/storage"]
  revision = "d3f1b54304d656376e58f9406a9cb4775799a357"
  version = "v0.10.1"

[[projects]]
  branch = "master"
  name = "golang.org/x/crypto"
  packages = ["ssh/terminal"]
  revision = "9419663f5a44be8b34ca85f08abc5fe1be11f8a3"

[[projects]]
  branch = "master"
  name = "golang.org/x/net"
  packages = ["context","context/ctxhttp","html","html/atom","proxy"]
  revision = "a04bdaca5b32abe1c069418fb7088ae607de5bd0"

[[projects]]
  name = "golang.org/x/sys"
  packages = ["unix","windows"]
  revision = "b90f89a1e7a9c1f6b918820b3daa7f08488c8594"

[solve-meta]
  analyzer-name = "dep"
  analyzer-version = 1
  inputs-digest = "934012ec188b27b29841604eeacfd647bb02d3270cfdb492e761554822c9dcc5"
  solver-name = "gps-cdcl"
  solver-version = 1
