# This file is autogenerated, do not edit; changes may be undone by the next 'dep ensure'.


[[projects]]
  branch = "master"
  name = "github.com/0xAX/notificator"
  packages = ["."]
  revision = "6bcea42e61381c13704c7fb6eb2438950f335832"

[[projects]]
  name = "github.com/fatih/color"
  packages = ["."]
  revision = "67c513e5729f918f5e69786686770c27141a4490"

[[projects]]
  branch = "master"
  name = "github.com/howeyc/fsnotify"
  packages = ["."]
  revision = "f0c08ee9c60704c1879025f2ae0ff3e000082c13"

[[projects]]
  name = "github.com/mattn/go-colorable"
  packages = ["."]
  revision = "6c0fd4aa6ec5818d5e3ea9e03ae436972a6c5a9a"

[[projects]]
  name = "github.com/mattn/go-isatty"
  packages = ["."]
  revision = "fc9e8d8ef48496124e79ae0df75490096eccf6fe"
  version = "v0.0.2"

[[projects]]
  name = "golang.org/x/sys"
  packages = ["unix"]
  revision = "b90f89a1e7a9c1f6b918820b3daa7f08488c8594"

[solve-meta]
  analyzer-name = "dep"
  analyzer-version = 1
  inputs-digest = "aeb1d7498f601b66d433be874675f0d72011af62ffcb11c86839c10d8d60dbf6"
  solver-name = "gps-cdcl"
  solver-version = 1
